
Microsoft Visual Studio Solution File, Format Version 12.00
# Visual Studio Version 16
VisualStudioVersion = 16.0.30711.63
MinimumVisualStudioVersion = 10.0.40219.1
Project("{9A19103F-16F7-4668-BE54-9A1E7A4F7556}") = "payrollapp", "payrollapp\payrollapp.csproj", "{8C93D2EB-747C-4E4B-8F06-7878397B9EB1}"
EndProject
Project("{FAE04EC0-301F-11D3-BF4B-00C04F79EFBC}") = "payrollapptest", "payrollapptest\payrollapptest.csproj", "{8FC435EA-66A0-48A0-B419-898A686CC72D}"
EndProject
Global
	GlobalSection(SolutionConfigurationPlatforms) = preSolution
		Debug|Any CPU = Debug|Any CPU
		Release|Any CPU = Release|Any CPU
	EndGlobalSection
	GlobalSection(ProjectConfigurationPlatforms) = postSolution
		{8C93D2EB-747C-4E4B-8F06-7878397B9EB1}.Debug|Any CPU.ActiveCfg = Debug|Any CPU
		{8C93D2EB-747C-4E4B-8F06-7878397B9EB1}.Debug|Any CPU.Build.0 = Debug|Any CPU
		{8C93D2EB-747C-4E4B-8F06-7878397B9EB1}.Release|Any CPU.ActiveCfg = Release|Any CPU
		{8C93D2EB-747C-4E4B-8F06-7878397B9EB1}.Release|Any CPU.Build.0 = Release|Any CPU
		{8FC435EA-66A0-48A0-B419-898A686CC72D}.Debug|Any CPU.ActiveCfg = Debug|Any CPU
		{8FC435EA-66A0-48A0-B419-898A686CC72D}.Debug|Any CPU.Build.0 = Debug|Any CPU
		{8FC435EA-66A0-48A0-B419-898A686CC72D}.Release|Any CPU.ActiveCfg = Release|Any CPU
		{8FC435EA-66A0-48A0-B419-898A686CC72D}.Release|Any CPU.Build.0 = Release|Any CPU
	EndGlobalSection
	GlobalSection(SolutionProperties) = preSolution
		HideSolutionNode = FALSE
	EndGlobalSection
	GlobalSection(ExtensibilityGlobals) = postSolution
		SolutionGuid = {1B30A045-69AB-4BFF-AE67-ADCD0BC3CC20}
	EndGlobalSection
EndGlobal
